// !$*UTF8*$!
{
	archiveVersion = 1;
	classes = {
	};
	objectVersion = 46;
	objects = {

/* Begin PBXBuildFile section */
		38104BD31A10053200732839 /* Bolts.framework in Frameworks */ = {isa = PBXBuildFile; fileRef = 38104ABD1A10053200732839 /* Bolts.framework */; };
		38104BD41A10053200732839 /* FacebookSDK.framework in Frameworks */ = {isa = PBXBuildFile; fileRef = 38104ABE1A10053200732839 /* FacebookSDK.framework */; };
		385F7F011A0EEA65006EC126 /* CloudKit.framework in Frameworks */ = {isa = PBXBuildFile; fileRef = 385F7F001A0EEA65006EC126 /* CloudKit.framework */; };
		385F7F031A0EEA7C006EC126 /* Social.framework in Frameworks */ = {isa = PBXBuildFile; fileRef = 385F7F021A0EEA7C006EC126 /* Social.framework */; };
		385F7F051A0EEA81006EC126 /* AddressBook.framework in Frameworks */ = {isa = PBXBuildFile; fileRef = 385F7F041A0EEA81006EC126 /* AddressBook.framework */; };
		385F7F0A1A0EEAD4006EC126 /* Crashlytics.framework in Frameworks */ = {isa = PBXBuildFile; fileRef = 385F7F081A0EEAD4006EC126 /* Crashlytics.framework */; };
		385F7F0B1A0EEAD4006EC126 /* Fabric.framework in Frameworks */ = {isa = PBXBuildFile; fileRef = 385F7F091A0EEAD4006EC126 /* Fabric.framework */; };
		385F7F0E1A0EEB3E006EC126 /* TwitterKit.framework in Frameworks */ = {isa = PBXBuildFile; fileRef = 385F7F0C1A0EEB3E006EC126 /* TwitterKit.framework */; };
		385F7F0F1A0EEB3E006EC126 /* TwitterKitResources.bundle in Resources */ = {isa = PBXBuildFile; fileRef = 385F7F0D1A0EEB3E006EC126 /* TwitterKitResources.bundle */; };
		388AC74F19CA99300083A276 /* AppDelegate.swift in Sources */ = {isa = PBXBuildFile; fileRef = 388AC74E19CA99300083A276 /* AppDelegate.swift */; };
		388AC75219CA99300083A276 /* Enso.xcdatamodeld in Sources */ = {isa = PBXBuildFile; fileRef = 388AC75019CA99300083A276 /* Enso.xcdatamodeld */; };
		388AC75419CA99300083A276 /* ViewController.swift in Sources */ = {isa = PBXBuildFile; fileRef = 388AC75319CA99300083A276 /* ViewController.swift */; };
		388AC75719CA99300083A276 /* Main.storyboard in Resources */ = {isa = PBXBuildFile; fileRef = 388AC75519CA99300083A276 /* Main.storyboard */; };
		388AC75919CA99300083A276 /* Images.xcassets in Resources */ = {isa = PBXBuildFile; fileRef = 388AC75819CA99300083A276 /* Images.xcassets */; };
		388AC75C19CA99300083A276 /* LaunchScreen.xib in Resources */ = {isa = PBXBuildFile; fileRef = 388AC75A19CA99300083A276 /* LaunchScreen.xib */; };
		388AC76819CA99300083A276 /* EnsoTests.swift in Sources */ = {isa = PBXBuildFile; fileRef = 388AC76719CA99300083A276 /* EnsoTests.swift */; };
		38A1F7C91A11993F00D80F86 /* FacebookController.swift in Sources */ = {isa = PBXBuildFile; fileRef = 38A1F7C81A11993F00D80F86 /* FacebookController.swift */; };
		38A5FB1619CAA78300FCB998 /* EnsoDocumentController.swift in Sources */ = {isa = PBXBuildFile; fileRef = 38A5FB1519CAA78300FCB998 /* EnsoDocumentController.swift */; };
		38B5AB0B1A084E4E00BC6EC4 /* Extensions.swift in Sources */ = {isa = PBXBuildFile; fileRef = 38B5AB0A1A084E4E00BC6EC4 /* Extensions.swift */; };
		38E17A551A11840700CEC32E /* LogInViewController.swift in Sources */ = {isa = PBXBuildFile; fileRef = 38E17A541A11840700CEC32E /* LogInViewController.swift */; };
/* End PBXBuildFile section */

/* Begin PBXContainerItemProxy section */
		388AC76219CA99300083A276 /* PBXContainerItemProxy */ = {
			isa = PBXContainerItemProxy;
			containerPortal = 388AC74119CA99300083A276 /* Project object */;
			proxyType = 1;
			remoteGlobalIDString = 388AC74819CA99300083A276;
			remoteInfo = Enso;
		};
/* End PBXContainerItemProxy section */

/* Begin PBXFileReference section */
		38104AB81A1003A200732839 /* Enso-Bridging-Header.h */ = {isa = PBXFileReference; lastKnownFileType = sourcecode.c.h; path = "Enso-Bridging-Header.h"; sourceTree = SOURCE_ROOT; };
		38104ABD1A10053200732839 /* Bolts.framework */ = {isa = PBXFileReference; lastKnownFileType = wrapper.framework; name = Bolts.framework; path = ../../../Documents/FacebookSDK/Bolts.framework; sourceTree = "<group>"; };
		38104ABE1A10053200732839 /* FacebookSDK.framework */ = {isa = PBXFileReference; lastKnownFileType = wrapper.framework; name = FacebookSDK.framework; path = ../../../Documents/FacebookSDK/FacebookSDK.framework; sourceTree = "<group>"; };
		385F7F001A0EEA65006EC126 /* CloudKit.framework */ = {isa = PBXFileReference; lastKnownFileType = wrapper.framework; name = CloudKit.framework; path = System/Library/Frameworks/CloudKit.framework; sourceTree = SDKROOT; };
		385F7F021A0EEA7C006EC126 /* Social.framework */ = {isa = PBXFileReference; lastKnownFileType = wrapper.framework; name = Social.framework; path = System/Library/Frameworks/Social.framework; sourceTree = SDKROOT; };
		385F7F041A0EEA81006EC126 /* AddressBook.framework */ = {isa = PBXFileReference; lastKnownFileType = wrapper.framework; name = AddressBook.framework; path = System/Library/Frameworks/AddressBook.framework; sourceTree = SDKROOT; };
		385F7F081A0EEAD4006EC126 /* Crashlytics.framework */ = {isa = PBXFileReference; lastKnownFileType = wrapper.framework; path = Crashlytics.framework; sourceTree = "<group>"; };
		385F7F091A0EEAD4006EC126 /* Fabric.framework */ = {isa = PBXFileReference; lastKnownFileType = wrapper.framework; path = Fabric.framework; sourceTree = "<group>"; };
		385F7F0C1A0EEB3E006EC126 /* TwitterKit.framework */ = {isa = PBXFileReference; lastKnownFileType = wrapper.framework; path = TwitterKit.framework; sourceTree = "<group>"; };
		385F7F0D1A0EEB3E006EC126 /* TwitterKitResources.bundle */ = {isa = PBXFileReference; lastKnownFileType = "wrapper.plug-in"; name = TwitterKitResources.bundle; path = TwitterKit.framework/Versions/A/Resources/TwitterKitResources.bundle; sourceTree = "<group>"; };
		388AC74919CA99300083A276 /* Enso.app */ = {isa = PBXFileReference; explicitFileType = wrapper.application; includeInIndex = 0; path = Enso.app; sourceTree = BUILT_PRODUCTS_DIR; };
		388AC74D19CA99300083A276 /* Info.plist */ = {isa = PBXFileReference; lastKnownFileType = text.plist.xml; path = Info.plist; sourceTree = "<group>"; };
		388AC74E19CA99300083A276 /* AppDelegate.swift */ = {isa = PBXFileReference; lastKnownFileType = sourcecode.swift; path = AppDelegate.swift; sourceTree = "<group>"; };
		388AC75119CA99300083A276 /* Enso.xcdatamodel */ = {isa = PBXFileReference; lastKnownFileType = wrapper.xcdatamodel; path = Enso.xcdatamodel; sourceTree = "<group>"; };
		388AC75319CA99300083A276 /* ViewController.swift */ = {isa = PBXFileReference; lastKnownFileType = sourcecode.swift; path = ViewController.swift; sourceTree = "<group>"; };
		388AC75619CA99300083A276 /* Base */ = {isa = PBXFileReference; lastKnownFileType = file.storyboard; name = Base; path = Base.lproj/Main.storyboard; sourceTree = "<group>"; };
		388AC75819CA99300083A276 /* Images.xcassets */ = {isa = PBXFileReference; lastKnownFileType = folder.assetcatalog; path = Images.xcassets; sourceTree = "<group>"; };
		388AC75B19CA99300083A276 /* Base */ = {isa = PBXFileReference; lastKnownFileType = file.xib; name = Base; path = Base.lproj/LaunchScreen.xib; sourceTree = "<group>"; };
		388AC76119CA99300083A276 /* EnsoTests.xctest */ = {isa = PBXFileReference; explicitFileType = wrapper.cfbundle; includeInIndex = 0; path = EnsoTests.xctest; sourceTree = BUILT_PRODUCTS_DIR; };
		388AC76619CA99300083A276 /* Info.plist */ = {isa = PBXFileReference; lastKnownFileType = text.plist.xml; path = Info.plist; sourceTree = "<group>"; };
		388AC76719CA99300083A276 /* EnsoTests.swift */ = {isa = PBXFileReference; lastKnownFileType = sourcecode.swift; path = EnsoTests.swift; sourceTree = "<group>"; };
		38A1F7C81A11993F00D80F86 /* FacebookController.swift */ = {isa = PBXFileReference; fileEncoding = 4; lastKnownFileType = sourcecode.swift; path = FacebookController.swift; sourceTree = "<group>"; };
		38A5FB1519CAA78300FCB998 /* EnsoDocumentController.swift */ = {isa = PBXFileReference; fileEncoding = 4; lastKnownFileType = sourcecode.swift; path = EnsoDocumentController.swift; sourceTree = "<group>"; };
		38B5AB0A1A084E4E00BC6EC4 /* Extensions.swift */ = {isa = PBXFileReference; fileEncoding = 4; lastKnownFileType = sourcecode.swift; path = Extensions.swift; sourceTree = "<group>"; };
		38E17A541A11840700CEC32E /* LogInViewController.swift */ = {isa = PBXFileReference; fileEncoding = 4; lastKnownFileType = sourcecode.swift; path = LogInViewController.swift; sourceTree = "<group>"; };
		38EDAA3B1A0C034700C6EE69 /* Enso.entitlements */ = {isa = PBXFileReference; lastKnownFileType = text.xml; path = Enso.entitlements; sourceTree = "<group>"; };
/* End PBXFileReference section */

/* Begin PBXFrameworksBuildPhase section */
		388AC74619CA99300083A276 /* Frameworks */ = {
			isa = PBXFrameworksBuildPhase;
			buildActionMask = 2147483647;
			files = (
				385F7F051A0EEA81006EC126 /* AddressBook.framework in Frameworks */,
				385F7F0B1A0EEAD4006EC126 /* Fabric.framework in Frameworks */,
				385F7F031A0EEA7C006EC126 /* Social.framework in Frameworks */,
				385F7F0A1A0EEAD4006EC126 /* Crashlytics.framework in Frameworks */,
				385F7F011A0EEA65006EC126 /* CloudKit.framework in Frameworks */,
				38104BD41A10053200732839 /* FacebookSDK.framework in Frameworks */,
				385F7F0E1A0EEB3E006EC126 /* TwitterKit.framework in Frameworks */,
				38104BD31A10053200732839 /* Bolts.framework in Frameworks */,
			);
			runOnlyForDeploymentPostprocessing = 0;
		};
		388AC75E19CA99300083A276 /* Frameworks */ = {
			isa = PBXFrameworksBuildPhase;
			buildActionMask = 2147483647;
			files = (
			);
			runOnlyForDeploymentPostprocessing = 0;
		};
/* End PBXFrameworksBuildPhase section */

/* Begin PBXGroup section */
		384BB7011A129D0600576356 /* Icons */ = {
			isa = PBXGroup;
			children = (
			);
			name = Icons;
			sourceTree = "<group>";
		};
		385F7F061A0EEA88006EC126 /* Frameworks */ = {
			isa = PBXGroup;
			children = (
				38104ABD1A10053200732839 /* Bolts.framework */,
				38104ABE1A10053200732839 /* FacebookSDK.framework */,
				385F7F091A0EEAD4006EC126 /* Fabric.framework */,
				385F7F0C1A0EEB3E006EC126 /* TwitterKit.framework */,
				385F7F0D1A0EEB3E006EC126 /* TwitterKitResources.bundle */,
				385F7F081A0EEAD4006EC126 /* Crashlytics.framework */,
				385F7F041A0EEA81006EC126 /* AddressBook.framework */,
				385F7F021A0EEA7C006EC126 /* Social.framework */,
				385F7F001A0EEA65006EC126 /* CloudKit.framework */,
			);
			name = Frameworks;
			sourceTree = "<group>";
		};
		388AC74019CA99300083A276 = {
			isa = PBXGroup;
			children = (
				385F7F061A0EEA88006EC126 /* Frameworks */,
				388AC74B19CA99300083A276 /* Enso */,
				388AC76419CA99300083A276 /* EnsoTests */,
				388AC74A19CA99300083A276 /* Products */,
			);
			sourceTree = "<group>";
		};
		388AC74A19CA99300083A276 /* Products */ = {
			isa = PBXGroup;
			children = (
				388AC74919CA99300083A276 /* Enso.app */,
				388AC76119CA99300083A276 /* EnsoTests.xctest */,
			);
			name = Products;
			sourceTree = "<group>";
		};
		388AC74B19CA99300083A276 /* Enso */ = {
			isa = PBXGroup;
			children = (
				38104AB81A1003A200732839 /* Enso-Bridging-Header.h */,
				388AC74E19CA99300083A276 /* AppDelegate.swift */,
				388AC77119CA99360083A276 /* Model */,
				388AC77319CA99430083A276 /* Controller */,
				388AC77219CA993E0083A276 /* View */,
				388AC75819CA99300083A276 /* Images.xcassets */,
				384BB7011A129D0600576356 /* Icons */,
				388AC74C19CA99300083A276 /* Supporting Files */,
			);
			path = Enso;
			sourceTree = "<group>";
		};
		388AC74C19CA99300083A276 /* Supporting Files */ = {
			isa = PBXGroup;
			children = (
				38EDAA3B1A0C034700C6EE69 /* Enso.entitlements */,
				388AC74D19CA99300083A276 /* Info.plist */,
			);
			name = "Supporting Files";
			sourceTree = "<group>";
		};
		388AC76419CA99300083A276 /* EnsoTests */ = {
			isa = PBXGroup;
			children = (
				388AC76719CA99300083A276 /* EnsoTests.swift */,
				388AC76519CA99300083A276 /* Supporting Files */,
			);
			path = EnsoTests;
			sourceTree = "<group>";
		};
		388AC76519CA99300083A276 /* Supporting Files */ = {
			isa = PBXGroup;
			children = (
				388AC76619CA99300083A276 /* Info.plist */,
			);
			name = "Supporting Files";
			sourceTree = "<group>";
		};
		388AC77119CA99360083A276 /* Model */ = {
			isa = PBXGroup;
			children = (
				388AC75019CA99300083A276 /* Enso.xcdatamodeld */,
				38B5AB0A1A084E4E00BC6EC4 /* Extensions.swift */,
			);
			name = Model;
			sourceTree = "<group>";
		};
		388AC77219CA993E0083A276 /* View */ = {
			isa = PBXGroup;
			children = (
				388AC75519CA99300083A276 /* Main.storyboard */,
				388AC75A19CA99300083A276 /* LaunchScreen.xib */,
			);
			name = View;
			sourceTree = "<group>";
		};
		388AC77319CA99430083A276 /* Controller */ = {
			isa = PBXGroup;
			children = (
				388AC75319CA99300083A276 /* ViewController.swift */,
				38E17A541A11840700CEC32E /* LogInViewController.swift */,
				38A5FB1719CAA84800FCB998 /* Specialized Controllers */,
			);
			name = Controller;
			sourceTree = "<group>";
		};
		38A5FB1719CAA84800FCB998 /* Specialized Controllers */ = {
			isa = PBXGroup;
			children = (
				38A5FB1519CAA78300FCB998 /* EnsoDocumentController.swift */,
				38A1F7C81A11993F00D80F86 /* FacebookController.swift */,
			);
			name = "Specialized Controllers";
			sourceTree = "<group>";
		};
/* End PBXGroup section */

/* Begin PBXNativeTarget section */
		388AC74819CA99300083A276 /* Enso */ = {
			isa = PBXNativeTarget;
			buildConfigurationList = 388AC76B19CA99300083A276 /* Build configuration list for PBXNativeTarget "Enso" */;
			buildPhases = (
				388AC74519CA99300083A276 /* Sources */,
				388AC74619CA99300083A276 /* Frameworks */,
				388AC74719CA99300083A276 /* Resources */,
				385F7F071A0EEABF006EC126 /* ShellScript */,
			);
			buildRules = (
			);
			dependencies = (
			);
			name = Enso;
			productName = Enso;
			productReference = 388AC74919CA99300083A276 /* Enso.app */;
			productType = "com.apple.product-type.application";
		};
		388AC76019CA99300083A276 /* EnsoTests */ = {
			isa = PBXNativeTarget;
			buildConfigurationList = 388AC76E19CA99300083A276 /* Build configuration list for PBXNativeTarget "EnsoTests" */;
			buildPhases = (
				388AC75D19CA99300083A276 /* Sources */,
				388AC75E19CA99300083A276 /* Frameworks */,
				388AC75F19CA99300083A276 /* Resources */,
			);
			buildRules = (
			);
			dependencies = (
				388AC76319CA99300083A276 /* PBXTargetDependency */,
			);
			name = EnsoTests;
			productName = EnsoTests;
			productReference = 388AC76119CA99300083A276 /* EnsoTests.xctest */;
			productType = "com.apple.product-type.bundle.unit-test";
		};
/* End PBXNativeTarget section */

/* Begin PBXProject section */
		388AC74119CA99300083A276 /* Project object */ = {
			isa = PBXProject;
			attributes = {
				LastUpgradeCheck = 0600;
				ORGANIZATIONNAME = "Leonardo Lee";
				TargetAttributes = {
					388AC74819CA99300083A276 = {
						CreatedOnToolsVersion = 6.0.1;
						DevelopmentTeam = KT656SWTSZ;
						SystemCapabilities = {
							com.apple.BackgroundModes = {
								enabled = 1;
							};
							com.apple.Maps.iOS = {
								enabled = 0;
							};
							com.apple.iCloud = {
								enabled = 1;
							};
						};
					};
					388AC76019CA99300083A276 = {
						CreatedOnToolsVersion = 6.0.1;
						TestTargetID = 388AC74819CA99300083A276;
					};
				};
			};
			buildConfigurationList = 388AC74419CA99300083A276 /* Build configuration list for PBXProject "Enso" */;
			compatibilityVersion = "Xcode 3.2";
			developmentRegion = English;
			hasScannedForEncodings = 0;
			knownRegions = (
				en,
				Base,
				he,
			);
			mainGroup = 388AC74019CA99300083A276;
			productRefGroup = 388AC74A19CA99300083A276 /* Products */;
			projectDirPath = "";
			projectRoot = "";
			targets = (
				388AC74819CA99300083A276 /* Enso */,
				388AC76019CA99300083A276 /* EnsoTests */,
			);
		};
/* End PBXProject section */

/* Begin PBXResourcesBuildPhase section */
		388AC74719CA99300083A276 /* Resources */ = {
			isa = PBXResourcesBuildPhase;
			buildActionMask = 2147483647;
			files = (
				385F7F0F1A0EEB3E006EC126 /* TwitterKitResources.bundle in Resources */,
				388AC75719CA99300083A276 /* Main.storyboard in Resources */,
				388AC75C19CA99300083A276 /* LaunchScreen.xib in Resources */,
				388AC75919CA99300083A276 /* Images.xcassets in Resources */,
			);
			runOnlyForDeploymentPostprocessing = 0;
		};
		388AC75F19CA99300083A276 /* Resources */ = {
			isa = PBXResourcesBuildPhase;
			buildActionMask = 2147483647;
			files = (
			);
			runOnlyForDeploymentPostprocessing = 0;
		};
/* End PBXResourcesBuildPhase section */

/* Begin PBXShellScriptBuildPhase section */
		385F7F071A0EEABF006EC126 /* ShellScript */ = {
			isa = PBXShellScriptBuildPhase;
			buildActionMask = 2147483647;
			files = (
			);
			inputPaths = (
			);
			outputPaths = (
			);
			runOnlyForDeploymentPostprocessing = 0;
			shellPath = /bin/sh;
			shellScript = "./Fabric.framework/run b27867868d56ac0aa5505130348bb038aa2afb64 fadf119c5dec828e8f7753bb64901e769e4bc0d1488ef0d22294e5c92aca52b0";
		};
/* End PBXShellScriptBuildPhase section */

/* Begin PBXSourcesBuildPhase section */
		388AC74519CA99300083A276 /* Sources */ = {
			isa = PBXSourcesBuildPhase;
			buildActionMask = 2147483647;
			files = (
				38B5AB0B1A084E4E00BC6EC4 /* Extensions.swift in Sources */,
				388AC75419CA99300083A276 /* ViewController.swift in Sources */,
				38E17A551A11840700CEC32E /* LogInViewController.swift in Sources */,
				388AC75219CA99300083A276 /* Enso.xcdatamodeld in Sources */,
				388AC74F19CA99300083A276 /* AppDelegate.swift in Sources */,
				38A5FB1619CAA78300FCB998 /* EnsoDocumentController.swift in Sources */,
				38A1F7C91A11993F00D80F86 /* FacebookController.swift in Sources */,
			);
			runOnlyForDeploymentPostprocessing = 0;
		};
		388AC75D19CA99300083A276 /* Sources */ = {
			isa = PBXSourcesBuildPhase;
			buildActionMask = 2147483647;
			files = (
				388AC76819CA99300083A276 /* EnsoTests.swift in Sources */,
			);
			runOnlyForDeploymentPostprocessing = 0;
		};
/* End PBXSourcesBuildPhase section */

/* Begin PBXTargetDependency section */
		388AC76319CA99300083A276 /* PBXTargetDependency */ = {
			isa = PBXTargetDependency;
			target = 388AC74819CA99300083A276 /* Enso */;
			targetProxy = 388AC76219CA99300083A276 /* PBXContainerItemProxy */;
		};
/* End PBXTargetDependency section */

/* Begin PBXVariantGroup section */
		388AC75519CA99300083A276 /* Main.storyboard */ = {
			isa = PBXVariantGroup;
			children = (
				388AC75619CA99300083A276 /* Base */,
			);
			name = Main.storyboard;
			sourceTree = "<group>";
		};
		388AC75A19CA99300083A276 /* LaunchScreen.xib */ = {
			isa = PBXVariantGroup;
			children = (
				388AC75B19CA99300083A276 /* Base */,
			);
			name = LaunchScreen.xib;
			sourceTree = "<group>";
		};
/* End PBXVariantGroup section */

/* Begin XCBuildConfiguration section */
		388AC76919CA99300083A276 /* Debug */ = {
			isa = XCBuildConfiguration;
			buildSettings = {
				ALWAYS_SEARCH_USER_PATHS = NO;
				CLANG_CXX_LANGUAGE_STANDARD = "gnu++0x";
				CLANG_CXX_LIBRARY = "libc++";
				CLANG_ENABLE_MODULES = YES;
				CLANG_ENABLE_OBJC_ARC = YES;
				CLANG_WARN_BOOL_CONVERSION = YES;
				CLANG_WARN_CONSTANT_CONVERSION = YES;
				CLANG_WARN_DIRECT_OBJC_ISA_USAGE = YES_ERROR;
				CLANG_WARN_EMPTY_BODY = YES;
				CLANG_WARN_ENUM_CONVERSION = YES;
				CLANG_WARN_INT_CONVERSION = YES;
				CLANG_WARN_OBJC_ROOT_CLASS = YES_ERROR;
				CLANG_WARN_UNREACHABLE_CODE = YES;
				CLANG_WARN__DUPLICATE_METHOD_MATCH = YES;
				"CODE_SIGN_IDENTITY[sdk=iphoneos*]" = "iPhone Developer";
				COPY_PHASE_STRIP = NO;
				ENABLE_STRICT_OBJC_MSGSEND = YES;
				GCC_C_LANGUAGE_STANDARD = gnu99;
				GCC_DYNAMIC_NO_PIC = NO;
				GCC_OPTIMIZATION_LEVEL = 0;
				GCC_PREPROCESSOR_DEFINITIONS = (
					"DEBUG=1",
					"$(inherited)",
				);
				GCC_SYMBOLS_PRIVATE_EXTERN = NO;
				GCC_WARN_64_TO_32_BIT_CONVERSION = YES;
				GCC_WARN_ABOUT_RETURN_TYPE = YES_ERROR;
				GCC_WARN_UNDECLARED_SELECTOR = YES;
				GCC_WARN_UNINITIALIZED_AUTOS = YES_AGGRESSIVE;
				GCC_WARN_UNUSED_FUNCTION = YES;
				GCC_WARN_UNUSED_VARIABLE = YES;
				IPHONEOS_DEPLOYMENT_TARGET = 8.0;
				MTL_ENABLE_DEBUG_INFO = YES;
				ONLY_ACTIVE_ARCH = YES;
				SDKROOT = iphoneos;
				SWIFT_OPTIMIZATION_LEVEL = "-Onone";
				TARGETED_DEVICE_FAMILY = "1,2";
			};
			name = Debug;
		};
		388AC76A19CA99300083A276 /* Release */ = {
			isa = XCBuildConfiguration;
			buildSettings = {
				ALWAYS_SEARCH_USER_PATHS = NO;
				CLANG_CXX_LANGUAGE_STANDARD = "gnu++0x";
				CLANG_CXX_LIBRARY = "libc++";
				CLANG_ENABLE_MODULES = YES;
				CLANG_ENABLE_OBJC_ARC = YES;
				CLANG_WARN_BOOL_CONVERSION = YES;
				CLANG_WARN_CONSTANT_CONVERSION = YES;
				CLANG_WARN_DIRECT_OBJC_ISA_USAGE = YES_ERROR;
				CLANG_WARN_EMPTY_BODY = YES;
				CLANG_WARN_ENUM_CONVERSION = YES;
				CLANG_WARN_INT_CONVERSION = YES;
				CLANG_WARN_OBJC_ROOT_CLASS = YES_ERROR;
				CLANG_WARN_UNREACHABLE_CODE = YES;
				CLANG_WARN__DUPLICATE_METHOD_MATCH = YES;
				"CODE_SIGN_IDENTITY[sdk=iphoneos*]" = "iPhone Developer";
				COPY_PHASE_STRIP = YES;
				ENABLE_NS_ASSERTIONS = NO;
				ENABLE_STRICT_OBJC_MSGSEND = YES;
				GCC_C_LANGUAGE_STANDARD = gnu99;
				GCC_WARN_64_TO_32_BIT_CONVERSION = YES;
				GCC_WARN_ABOUT_RETURN_TYPE = YES_ERROR;
				GCC_WARN_UNDECLARED_SELECTOR = YES;
				GCC_WARN_UNINITIALIZED_AUTOS = YES_AGGRESSIVE;
				GCC_WARN_UNUSED_FUNCTION = YES;
				GCC_WARN_UNUSED_VARIABLE = YES;
				IPHONEOS_DEPLOYMENT_TARGET = 8.0;
				MTL_ENABLE_DEBUG_INFO = NO;
				SDKROOT = iphoneos;
				TARGETED_DEVICE_FAMILY = "1,2";
				VALIDATE_PRODUCT = YES;
			};
			name = Release;
		};
		388AC76C19CA99300083A276 /* Debug */ = {
			isa = XCBuildConfiguration;
			buildSettings = {
				ASSETCATALOG_COMPILER_APPICON_NAME = AppIcon;
				CLANG_ENABLE_MODULES = YES;
				CODE_SIGN_ENTITLEMENTS = Enso/Enso.entitlements;
				CODE_SIGN_IDENTITY = "iPhone Developer";
				"CODE_SIGN_IDENTITY[sdk=iphoneos*]" = "iPhone Developer";
				FRAMEWORK_SEARCH_PATHS = (
					"$(inherited)",
					"$(PROJECT_DIR)",
					/Users/leoleez/Documents/FacebookSDK,
					/Users/leoleez/Documents/FacebookSDK/FBAudienceNetwork,
				);
				INFOPLIST_FILE = Enso/Info.plist;
				LD_RUNPATH_SEARCH_PATHS = "$(inherited) @executable_path/Frameworks";
				PRODUCT_NAME = "$(TARGET_NAME)";
				PROVISIONING_PROFILE = "";
				SWIFT_OBJC_BRIDGING_HEADER = "Enso-Bridging-Header.h";
				SWIFT_OPTIMIZATION_LEVEL = "-Onone";
			};
			name = Debug;
		};
		388AC76D19CA99300083A276 /* Release */ = {
			isa = XCBuildConfiguration;
			buildSettings = {
				ASSETCATALOG_COMPILER_APPICON_NAME = AppIcon;
				CLANG_ENABLE_MODULES = YES;
				CODE_SIGN_ENTITLEMENTS = Enso/Enso.entitlements;
				CODE_SIGN_IDENTITY = "iPhone Developer";
				"CODE_SIGN_IDENTITY[sdk=iphoneos*]" = "iPhone Developer";
				FRAMEWORK_SEARCH_PATHS = (
					"$(inherited)",
					"$(PROJECT_DIR)",
					/Users/leoleez/Documents/FacebookSDK,
					/Users/leoleez/Documents/FacebookSDK/FBAudienceNetwork,
				);
				INFOPLIST_FILE = Enso/Info.plist;
				LD_RUNPATH_SEARCH_PATHS = "$(inherited) @executable_path/Frameworks";
				PRODUCT_NAME = "$(TARGET_NAME)";
				PROVISIONING_PROFILE = "";
				SWIFT_OBJC_BRIDGING_HEADER = "Enso-Bridging-Header.h";
			};
			name = Release;
		};
		388AC76F19CA99300083A276 /* Debug */ = {
			isa = XCBuildConfiguration;
			buildSettings = {
				BUNDLE_LOADER = "$(TEST_HOST)";
				FRAMEWORK_SEARCH_PATHS = (
					"$(SDKROOT)/Developer/Library/Frameworks",
					"$(inherited)",
				);
				GCC_PREPROCESSOR_DEFINITIONS = (
					"DEBUG=1",
					"$(inherited)",
				);
				INFOPLIST_FILE = EnsoTests/Info.plist;
				LD_RUNPATH_SEARCH_PATHS = "$(inherited) @executable_path/Frameworks @loader_path/Frameworks";
				PRODUCT_NAME = "$(TARGET_NAME)";
				TEST_HOST = "$(BUILT_PRODUCTS_DIR)/Enso.app/Enso";
			};
			name = Debug;
		};
		388AC77019CA99300083A276 /* Release */ = {
			isa = XCBuildConfiguration;
			buildSettings = {
				BUNDLE_LOADER = "$(TEST_HOST)";
				FRAMEWORK_SEARCH_PATHS = (
					"$(SDKROOT)/Developer/Library/Frameworks",
					"$(inherited)",
				);
				INFOPLIST_FILE = EnsoTests/Info.plist;
				LD_RUNPATH_SEARCH_PATHS = "$(inherited) @executable_path/Frameworks @loader_path/Frameworks";
				PRODUCT_NAME = "$(TARGET_NAME)";
				TEST_HOST = "$(BUILT_PRODUCTS_DIR)/Enso.app/Enso";
			};
			name = Release;
		};
/* End XCBuildConfiguration section */

/* Begin XCConfigurationList section */
		388AC74419CA99300083A276 /* Build configuration list for PBXProject "Enso" */ = {
			isa = XCConfigurationList;
			buildConfigurations = (
				388AC76919CA99300083A276 /* Debug */,
				388AC76A19CA99300083A276 /* Release */,
			);
			defaultConfigurationIsVisible = 0;
			defaultConfigurationName = Release;
		};
		388AC76B19CA99300083A276 /* Build configuration list for PBXNativeTarget "Enso" */ = {
			isa = XCConfigurationList;
			buildConfigurations = (
				388AC76C19CA99300083A276 /* Debug */,
				388AC76D19CA99300083A276 /* Release */,
			);
			defaultConfigurationIsVisible = 0;
			defaultConfigurationName = Release;
		};
		388AC76E19CA99300083A276 /* Build configuration list for PBXNativeTarget "EnsoTests" */ = {
			isa = XCConfigurationList;
			buildConfigurations = (
				388AC76F19CA99300083A276 /* Debug */,
				388AC77019CA99300083A276 /* Release */,
			);
			defaultConfigurationIsVisible = 0;
			defaultConfigurationName = Release;
		};
/* End XCConfigurationList section */

/* Begin XCVersionGroup section */
		388AC75019CA99300083A276 /* Enso.xcdatamodeld */ = {
			isa = XCVersionGroup;
			children = (
				388AC75119CA99300083A276 /* Enso.xcdatamodel */,
			);
			currentVersion = 388AC75119CA99300083A276 /* Enso.xcdatamodel */;
			path = Enso.xcdatamodeld;
			sourceTree = "<group>";
			versionGroupType = wrapper.xcdatamodel;
		};
/* End XCVersionGroup section */
	};
	rootObject = 388AC74119CA99300083A276 /* Project object */;
}
